
Microsoft Visual Studio Solution File, Format Version 12.00
# Visual Studio 15
VisualStudioVersion = 15.0.27703.2042
MinimumVisualStudioVersion = 10.0.40219.1
Project("{FAE04EC0-301F-11D3-BF4B-00C04F79EFBC}") = "SVNLog", "SVNLog\SVNLog.csproj", "{22B5F84C-6ABF-4A08-A6AB-BBE1625FAB12}"
EndProject
Global
	GlobalSection(SolutionConfigurationPlatforms) = preSolution
		Debug|Any CPU = Debug|Any CPU
		Release|Any CPU = Release|Any CPU
	EndGlobalSection
	GlobalSection(ProjectConfigurationPlatforms) = postSolution
		{22B5F84C-6ABF-4A08-A6AB-BBE1625FAB12}.Debug|Any CPU.ActiveCfg = Debug|Any CPU
		{22B5F84C-6ABF-4A08-A6AB-BBE1625FAB12}.Debug|Any CPU.Build.0 = Debug|Any CPU
		{22B5F84C-6ABF-4A08-A6AB-BBE1625FAB12}.Release|Any CPU.ActiveCfg = Release|Any CPU
		{22B5F84C-6ABF-4A08-A6AB-BBE1625FAB12}.Release|Any CPU.Build.0 = Release|Any CPU
	EndGlobalSection
	GlobalSection(SolutionProperties) = preSolution
		HideSolutionNode = FALSE
	EndGlobalSection
	GlobalSection(ExtensibilityGlobals) = postSolution
		SolutionGuid = {0DB6AB32-9936-4B88-89B9-D8CCBAA73A68}
	EndGlobalSection
EndGlobal
